// !$*UTF8*$!
{
	archiveVersion = 1;
	classes = {
	};
	objectVersion = 46;
	objects = {

/* Begin PBXBuildFile section */
		6342703C1D34387500BE3F33 /* main.m in Sources */ = {isa = PBXBuildFile; fileRef = 6342703B1D34387500BE3F33 /* main.m */; };
		6342703F1D34387500BE3F33 /* AppDelegate.m in Sources */ = {isa = PBXBuildFile; fileRef = 6342703E1D34387500BE3F33 /* AppDelegate.m */; };
		634270421D34387500BE3F33 /* ViewController.m in Sources */ = {isa = PBXBuildFile; fileRef = 634270411D34387500BE3F33 /* ViewController.m */; };
		634270451D34387500BE3F33 /* Main.storyboard in Resources */ = {isa = PBXBuildFile; fileRef = 634270431D34387500BE3F33 /* Main.storyboard */; };
		634270471D34387500BE3F33 /* Assets.xcassets in Resources */ = {isa = PBXBuildFile; fileRef = 634270461D34387500BE3F33 /* Assets.xcassets */; };
		6342704A1D34387500BE3F33 /* LaunchScreen.storyboard in Resources */ = {isa = PBXBuildFile; fileRef = 634270481D34387500BE3F33 /* LaunchScreen.storyboard */; };
		634270531D343F2D00BE3F33 /* StringToWordsArray.m in Sources */ = {isa = PBXBuildFile; fileRef = 634270521D343F2D00BE3F33 /* StringToWordsArray.m */; };
		634270591D354AC800BE3F33 /* Person.m in Sources */ = {isa = PBXBuildFile; fileRef = 634270581D354AC800BE3F33 /* Person.m */; };
/* End PBXBuildFile section */

/* Begin PBXFileReference section */
		634270371D34387500BE3F33 /* Homework1.app */ = {isa = PBXFileReference; explicitFileType = wrapper.application; includeInIndex = 0; path = Homework1.app; sourceTree = BUILT_PRODUCTS_DIR; };
		6342703B1D34387500BE3F33 /* main.m */ = {isa = PBXFileReference; lastKnownFileType = sourcecode.c.objc; path = main.m; sourceTree = "<group>"; };
		6342703D1D34387500BE3F33 /* AppDelegate.h */ = {isa = PBXFileReference; lastKnownFileType = sourcecode.c.h; path = AppDelegate.h; sourceTree = "<group>"; };
		6342703E1D34387500BE3F33 /* AppDelegate.m */ = {isa = PBXFileReference; lastKnownFileType = sourcecode.c.objc; path = AppDelegate.m; sourceTree = "<group>"; };
		634270401D34387500BE3F33 /* ViewController.h */ = {isa = PBXFileReference; lastKnownFileType = sourcecode.c.h; path = ViewController.h; sourceTree = "<group>"; };
		634270411D34387500BE3F33 /* ViewController.m */ = {isa = PBXFileReference; lastKnownFileType = sourcecode.c.objc; path = ViewController.m; sourceTree = "<group>"; };
		634270441D34387500BE3F33 /* Base */ = {isa = PBXFileReference; lastKnownFileType = file.storyboard; name = Base; path = Base.lproj/Main.storyboard; sourceTree = "<group>"; };
		634270461D34387500BE3F33 /* Assets.xcassets */ = {isa = PBXFileReference; lastKnownFileType = folder.assetcatalog; path = Assets.xcassets; sourceTree = "<group>"; };
		634270491D34387500BE3F33 /* Base */ = {isa = PBXFileReference; lastKnownFileType = file.storyboard; name = Base; path = Base.lproj/LaunchScreen.storyboard; sourceTree = "<group>"; };
		6342704B1D34387500BE3F33 /* Info.plist */ = {isa = PBXFileReference; lastKnownFileType = text.plist.xml; path = Info.plist; sourceTree = "<group>"; };
		634270511D343F2D00BE3F33 /* StringToWordsArray.h */ = {isa = PBXFileReference; fileEncoding = 4; lastKnownFileType = sourcecode.c.h; path = StringToWordsArray.h; sourceTree = "<group>"; };
		634270521D343F2D00BE3F33 /* StringToWordsArray.m */ = {isa = PBXFileReference; fileEncoding = 4; lastKnownFileType = sourcecode.c.objc; path = StringToWordsArray.m; sourceTree = "<group>"; };
		634270541D35495E00BE3F33 /* SampleProtocol.h */ = {isa = PBXFileReference; fileEncoding = 4; lastKnownFileType = sourcecode.c.h; path = SampleProtocol.h; sourceTree = "<group>"; };
		634270571D354AC800BE3F33 /* Person.h */ = {isa = PBXFileReference; fileEncoding = 4; lastKnownFileType = sourcecode.c.h; name = Person.h; path = ../Person.h; sourceTree = "<group>"; };
		634270581D354AC800BE3F33 /* Person.m */ = {isa = PBXFileReference; fileEncoding = 4; lastKnownFileType = sourcecode.c.objc; name = Person.m; path = ../Person.m; sourceTree = "<group>"; };
/* End PBXFileReference section */

/* Begin PBXFrameworksBuildPhase section */
		634270341D34387500BE3F33 /* Frameworks */ = {
			isa = PBXFrameworksBuildPhase;
			buildActionMask = 2147483647;
			files = (
			);
			runOnlyForDeploymentPostprocessing = 0;
		};
/* End PBXFrameworksBuildPhase section */

/* Begin PBXGroup section */
		6342702E1D34387500BE3F33 = {
			isa = PBXGroup;
			children = (
				634270391D34387500BE3F33 /* Homework1 */,
				634270381D34387500BE3F33 /* Products */,
			);
			sourceTree = "<group>";
		};
		634270381D34387500BE3F33 /* Products */ = {
			isa = PBXGroup;
			children = (
				634270371D34387500BE3F33 /* Homework1.app */,
			);
			name = Products;
			sourceTree = "<group>";
		};
		634270391D34387500BE3F33 /* Homework1 */ = {
			isa = PBXGroup;
			children = (
				6342703D1D34387500BE3F33 /* AppDelegate.h */,
				6342703E1D34387500BE3F33 /* AppDelegate.m */,
				634270401D34387500BE3F33 /* ViewController.h */,
				634270411D34387500BE3F33 /* ViewController.m */,
				634270431D34387500BE3F33 /* Main.storyboard */,
				634270461D34387500BE3F33 /* Assets.xcassets */,
				634270481D34387500BE3F33 /* LaunchScreen.storyboard */,
				6342704B1D34387500BE3F33 /* Info.plist */,
				6342703A1D34387500BE3F33 /* Supporting Files */,
				634270511D343F2D00BE3F33 /* StringToWordsArray.h */,
				634270541D35495E00BE3F33 /* SampleProtocol.h */,
				634270521D343F2D00BE3F33 /* StringToWordsArray.m */,
				634270571D354AC800BE3F33 /* Person.h */,
				634270581D354AC800BE3F33 /* Person.m */,
			);
			path = Homework1;
			sourceTree = "<group>";
		};
		6342703A1D34387500BE3F33 /* Supporting Files */ = {
			isa = PBXGroup;
			children = (
				6342703B1D34387500BE3F33 /* main.m */,
			);
			name = "Supporting Files";
			sourceTree = "<group>";
		};
/* End PBXGroup section */

/* Begin PBXNativeTarget section */
		634270361D34387500BE3F33 /* Homework1 */ = {
			isa = PBXNativeTarget;
			buildConfigurationList = 6342704E1D34387500BE3F33 /* Build configuration list for PBXNativeTarget "Homework1" */;
			buildPhases = (
				634270331D34387500BE3F33 /* Sources */,
				634270341D34387500BE3F33 /* Frameworks */,
				634270351D34387500BE3F33 /* Resources */,
			);
			buildRules = (
			);
			dependencies = (
			);
			name = Homework1;
			productName = Homework1;
			productReference = 634270371D34387500BE3F33 /* Homework1.app */;
			productType = "com.apple.product-type.application";
		};
/* End PBXNativeTarget section */

/* Begin PBXProject section */
		6342702F1D34387500BE3F33 /* Project object */ = {
			isa = PBXProject;
			attributes = {
				LastUpgradeCheck = 0730;
				ORGANIZATIONNAME = "David Livingstone";
				TargetAttributes = {
					634270361D34387500BE3F33 = {
						CreatedOnToolsVersion = 7.3.1;
					};
				};
			};
			buildConfigurationList = 634270321D34387500BE3F33 /* Build configuration list for PBXProject "Homework1" */;
			compatibilityVersion = "Xcode 3.2";
			developmentRegion = English;
			hasScannedForEncodings = 0;
			knownRegions = (
				en,
				Base,
			);
			mainGroup = 6342702E1D34387500BE3F33;
			productRefGroup = 634270381D34387500BE3F33 /* Products */;
			projectDirPath = "";
			projectRoot = "";
			targets = (
				634270361D34387500BE3F33 /* Homework1 */,
			);
		};
/* End PBXProject section */

/* Begin PBXResourcesBuildPhase section */
		634270351D34387500BE3F33 /* Resources */ = {
			isa = PBXResourcesBuildPhase;
			buildActionMask = 2147483647;
			files = (
				6342704A1D34387500BE3F33 /* LaunchScreen.storyboard in Resources */,
				634270471D34387500BE3F33 /* Assets.xcassets in Resources */,
				634270451D34387500BE3F33 /* Main.storyboard in Resources */,
			);
			runOnlyForDeploymentPostprocessing = 0;
		};
/* End PBXResourcesBuildPhase section */

/* Begin PBXSourcesBuildPhase section */
		634270331D34387500BE3F33 /* Sources */ = {
			isa = PBXSourcesBuildPhase;
			buildActionMask = 2147483647;
			files = (
				634270421D34387500BE3F33 /* ViewController.m in Sources */,
				6342703F1D34387500BE3F33 /* AppDelegate.m in Sources */,
				634270591D354AC800BE3F33 /* Person.m in Sources */,
				6342703C1D34387500BE3F33 /* main.m in Sources */,
				634270531D343F2D00BE3F33 /* StringToWordsArray.m in Sources */,
			);
			runOnlyForDeploymentPostprocessing = 0;
		};
/* End PBXSourcesBuildPhase section */

/* Begin PBXVariantGroup section */
		634270431D34387500BE3F33 /* Main.storyboard */ = {
			isa = PBXVariantGroup;
			children = (
				634270441D34387500BE3F33 /* Base */,
			);
			name = Main.storyboard;
			sourceTree = "<group>";
		};
		634270481D34387500BE3F33 /* LaunchScreen.storyboard */ = {
			isa = PBXVariantGroup;
			children = (
				634270491D34387500BE3F33 /* Base */,
			);
			name = LaunchScreen.storyboard;
			sourceTree = "<group>";
		};
/* End PBXVariantGroup section */

/* Begin XCBuildConfiguration section */
		6342704C1D34387500BE3F33 /* Debug */ = {
			isa = XCBuildConfiguration;
			buildSettings = {
				ALWAYS_SEARCH_USER_PATHS = NO;
				CLANG_ANALYZER_NONNULL = YES;
				CLANG_CXX_LANGUAGE_STANDARD = "gnu++0x";
				CLANG_CXX_LIBRARY = "libc++";
				CLANG_ENABLE_MODULES = YES;
				CLANG_ENABLE_OBJC_ARC = YES;
				CLANG_WARN_BOOL_CONVERSION = YES;
				CLANG_WARN_CONSTANT_CONVERSION = YES;
				CLANG_WARN_DIRECT_OBJC_ISA_USAGE = YES_ERROR;
				CLANG_WARN_EMPTY_BODY = YES;
				CLANG_WARN_ENUM_CONVERSION = YES;
				CLANG_WARN_INT_CONVERSION = YES;
				CLANG_WARN_OBJC_ROOT_CLASS = YES_ERROR;
				CLANG_WARN_UNREACHABLE_CODE = YES;
				CLANG_WARN__DUPLICATE_METHOD_MATCH = YES;
				"CODE_SIGN_IDENTITY[sdk=iphoneos*]" = "iPhone Developer";
				COPY_PHASE_STRIP = NO;
				DEBUG_INFORMATION_FORMAT = dwarf;
				ENABLE_STRICT_OBJC_MSGSEND = YES;
				ENABLE_TESTABILITY = YES;
				GCC_C_LANGUAGE_STANDARD = gnu99;
				GCC_DYNAMIC_NO_PIC = NO;
				GCC_NO_COMMON_BLOCKS = YES;
				GCC_OPTIMIZATION_LEVEL = 0;
				GCC_PREPROCESSOR_DEFINITIONS = (
					"DEBUG=1",
					"$(inherited)",
				);
				GCC_WARN_64_TO_32_BIT_CONVERSION = YES;
				GCC_WARN_ABOUT_RETURN_TYPE = YES_ERROR;
				GCC_WARN_UNDECLARED_SELECTOR = YES;
				GCC_WARN_UNINITIALIZED_AUTOS = YES_AGGRESSIVE;
				GCC_WARN_UNUSED_FUNCTION = YES;
				GCC_WARN_UNUSED_VARIABLE = YES;
				IPHONEOS_DEPLOYMENT_TARGET = 9.3;
				MTL_ENABLE_DEBUG_INFO = YES;
				ONLY_ACTIVE_ARCH = YES;
				SDKROOT = iphoneos;
				TARGETED_DEVICE_FAMILY = "1,2";
			};
			name = Debug;
		};
		6342704D1D34387500BE3F33 /* Release */ = {
			isa = XCBuildConfiguration;
			buildSettings = {
				ALWAYS_SEARCH_USER_PATHS = NO;
				CLANG_ANALYZER_NONNULL = YES;
				CLANG_CXX_LANGUAGE_STANDARD = "gnu++0x";
				CLANG_CXX_LIBRARY = "libc++";
				CLANG_ENABLE_MODULES = YES;
				CLANG_ENABLE_OBJC_ARC = YES;
				CLANG_WARN_BOOL_CONVERSION = YES;
				CLANG_WARN_CONSTANT_CONVERSION = YES;
				CLANG_WARN_DIRECT_OBJC_ISA_USAGE = YES_ERROR;
				CLANG_WARN_EMPTY_BODY = YES;
				CLANG_WARN_ENUM_CONVERSION = YES;
				CLANG_WARN_INT_CONVERSION = YES;
				CLANG_WARN_OBJC_ROOT_CLASS = YES_ERROR;
				CLANG_WARN_UNREACHABLE_CODE = YES;
				CLANG_WARN__DUPLICATE_METHOD_MATCH = YES;
				"CODE_SIGN_IDENTITY[sdk=iphoneos*]" = "iPhone Developer";
				COPY_PHASE_STRIP = NO;
				DEBUG_INFORMATION_FORMAT = "dwarf-with-dsym";
				ENABLE_NS_ASSERTIONS = NO;
				ENABLE_STRICT_OBJC_MSGSEND = YES;
				GCC_C_LANGUAGE_STANDARD = gnu99;
				GCC_NO_COMMON_BLOCKS = YES;
				GCC_WARN_64_TO_32_BIT_CONVERSION = YES;
				GCC_WARN_ABOUT_RETURN_TYPE = YES_ERROR;
				GCC_WARN_UNDECLARED_SELECTOR = YES;
				GCC_WARN_UNINITIALIZED_AUTOS = YES_AGGRESSIVE;
				GCC_WARN_UNUSED_FUNCTION = YES;
				GCC_WARN_UNUSED_VARIABLE = YES;
				IPHONEOS_DEPLOYMENT_TARGET = 9.3;
				MTL_ENABLE_DEBUG_INFO = NO;
				SDKROOT = iphoneos;
				TARGETED_DEVICE_FAMILY = "1,2";
				VALIDATE_PRODUCT = YES;
			};
			name = Release;
		};
		6342704F1D34387500BE3F33 /* Debug */ = {
			isa = XCBuildConfiguration;
			buildSettings = {
				ASSETCATALOG_COMPILER_APPICON_NAME = AppIcon;
				INFOPLIST_FILE = Homework1/Info.plist;
				LD_RUNPATH_SEARCH_PATHS = "$(inherited) @executable_path/Frameworks";
				PRODUCT_BUNDLE_IDENTIFIER = tl.david.Homework1;
				PRODUCT_NAME = "$(TARGET_NAME)";
			};
			name = Debug;
		};
		634270501D34387500BE3F33 /* Release */ = {
			isa = XCBuildConfiguration;
			buildSettings = {
				ASSETCATALOG_COMPILER_APPICON_NAME = AppIcon;
				INFOPLIST_FILE = Homework1/Info.plist;
				LD_RUNPATH_SEARCH_PATHS = "$(inherited) @executable_path/Frameworks";
				PRODUCT_BUNDLE_IDENTIFIER = tl.david.Homework1;
				PRODUCT_NAME = "$(TARGET_NAME)";
			};
			name = Release;
		};
/* End XCBuildConfiguration section */

/* Begin XCConfigurationList section */
		634270321D34387500BE3F33 /* Build configuration list for PBXProject "Homework1" */ = {
			isa = XCConfigurationList;
			buildConfigurations = (
				6342704C1D34387500BE3F33 /* Debug */,
				6342704D1D34387500BE3F33 /* Release */,
			);
			defaultConfigurationIsVisible = 0;
			defaultConfigurationName = Release;
		};
		6342704E1D34387500BE3F33 /* Build configuration list for PBXNativeTarget "Homework1" */ = {
			isa = XCConfigurationList;
			buildConfigurations = (
				6342704F1D34387500BE3F33 /* Debug */,
				634270501D34387500BE3F33 /* Release */,
			);
			defaultConfigurationIsVisible = 0;
		};
/* End XCConfigurationList section */
	};
	rootObject = 6342702F1D34387500BE3F33 /* Project object */;
}
